
Microsoft Visual Studio Solution File, Format Version 12.00
# Visual Studio Version 17
VisualStudioVersion = 17.8.34309.116
MinimumVisualStudioVersion = 10.0.40219.1
Project("{FAE04EC0-301F-11D3-BF4B-00C04F79EFBC}") = "WebApplication1", "WebApplication1\WebApplication1.csproj", "{16878F64-9FFF-4015-9784-576FA0C5E7EA}"
EndProject
Global
	GlobalSection(SolutionConfigurationPlatforms) = preSolution
		Debug|Any CPU = Debug|Any CPU
		Release|Any CPU = Release|Any CPU
	EndGlobalSection
	GlobalSection(ProjectConfigurationPlatforms) = postSolution
		{16878F64-9FFF-4015-9784-576FA0C5E7EA}.Debug|Any CPU.ActiveCfg = Debug|Any CPU
		{16878F64-9FFF-4015-9784-576FA0C5E7EA}.Debug|Any CPU.Build.0 = Debug|Any CPU
		{16878F64-9FFF-4015-9784-576FA0C5E7EA}.Release|Any CPU.ActiveCfg = Release|Any CPU
		{16878F64-9FFF-4015-9784-576FA0C5E7EA}.Release|Any CPU.Build.0 = Release|Any CPU
	EndGlobalSection
	GlobalSection(SolutionProperties) = preSolution
		HideSolutionNode = FALSE
	EndGlobalSection
	GlobalSection(ExtensibilityGlobals) = postSolution
		SolutionGuid = {AC0D45BA-97AF-4A9C-AA31-62EA8C0F3F75}
	EndGlobalSection
EndGlobal
